
Microsoft Visual Studio Solution File, Format Version 12.00
# Visual Studio Version 16
VisualStudioVersion = 16.0.31402.337
MinimumVisualStudioVersion = 10.0.40219.1
Project("{FAE04EC0-301F-11D3-BF4B-00C04F79EFBC}") = "KudMVCapp", "KudMVCapp\KudMVCapp.csproj", "{9869AB5E-3187-48E9-9BCA-89B5983FA37C}"
EndProject
Global
	GlobalSection(SolutionConfigurationPlatforms) = preSolution
		Debug|Any CPU = Debug|Any CPU
		Release|Any CPU = Release|Any CPU
	EndGlobalSection
	GlobalSection(ProjectConfigurationPlatforms) = postSolution
		{9869AB5E-3187-48E9-9BCA-89B5983FA37C}.Debug|Any CPU.ActiveCfg = Debug|Any CPU
		{9869AB5E-3187-48E9-9BCA-89B5983FA37C}.Debug|Any CPU.Build.0 = Debug|Any CPU
		{9869AB5E-3187-48E9-9BCA-89B5983FA37C}.Release|Any CPU.ActiveCfg = Release|Any CPU
		{9869AB5E-3187-48E9-9BCA-89B5983FA37C}.Release|Any CPU.Build.0 = Release|Any CPU
	EndGlobalSection
	GlobalSection(SolutionProperties) = preSolution
		HideSolutionNode = FALSE
	EndGlobalSection
	GlobalSection(ExtensibilityGlobals) = postSolution
		SolutionGuid = {D43FF113-3E13-4E31-BB2F-A0E303562638}
	EndGlobalSection
EndGlobal
